
Microsoft Visual Studio Solution File, Format Version 12.00
# Visual Studio Version 17
VisualStudioVersion = 17.5.2.0
MinimumVisualStudioVersion = 10.0.40219.1
Project("{FAE04EC0-301F-11D3-BF4B-00C04F79EFBC}") = "MyCompiler", "MyCompiler.csproj", "{D17318D5-1BF1-9F71-D989-E0210909ECE9}"
EndProject
Project("{FAE04EC0-301F-11D3-BF4B-00C04F79EFBC}") = "MyCompiler.Tests", "MyCompiler.Tests\MyCompiler.Tests.csproj", "{8BD5DA61-AB58-454E-B89C-D91BEF295DA5}"
EndProject
Global
	GlobalSection(SolutionConfigurationPlatforms) = preSolution
		Debug|Any CPU = Debug|Any CPU
		Debug|x64 = Debug|x64
		Debug|x86 = Debug|x86
		Release|Any CPU = Release|Any CPU
		Release|x64 = Release|x64
		Release|x86 = Release|x86
	EndGlobalSection
	GlobalSection(ProjectConfigurationPlatforms) = postSolution
		{D17318D5-1BF1-9F71-D989-E0210909ECE9}.Debug|Any CPU.ActiveCfg = Debug|Any CPU
		{D17318D5-1BF1-9F71-D989-E0210909ECE9}.Debug|Any CPU.Build.0 = Debug|Any CPU
		{D17318D5-1BF1-9F71-D989-E0210909ECE9}.Debug|x64.ActiveCfg = Debug|Any CPU
		{D17318D5-1BF1-9F71-D989-E0210909ECE9}.Debug|x64.Build.0 = Debug|Any CPU
		{D17318D5-1BF1-9F71-D989-E0210909ECE9}.Debug|x86.ActiveCfg = Debug|Any CPU
		{D17318D5-1BF1-9F71-D989-E0210909ECE9}.Debug|x86.Build.0 = Debug|Any CPU
		{D17318D5-1BF1-9F71-D989-E0210909ECE9}.Release|Any CPU.ActiveCfg = Release|Any CPU
		{D17318D5-1BF1-9F71-D989-E0210909ECE9}.Release|Any CPU.Build.0 = Release|Any CPU
		{D17318D5-1BF1-9F71-D989-E0210909ECE9}.Release|x64.ActiveCfg = Release|Any CPU
		{D17318D5-1BF1-9F71-D989-E0210909ECE9}.Release|x64.Build.0 = Release|Any CPU
		{D17318D5-1BF1-9F71-D989-E0210909ECE9}.Release|x86.ActiveCfg = Release|Any CPU
		{D17318D5-1BF1-9F71-D989-E0210909ECE9}.Release|x86.Build.0 = Release|Any CPU
		{8BD5DA61-AB58-454E-B89C-D91BEF295DA5}.Debug|Any CPU.ActiveCfg = Debug|Any CPU
		{8BD5DA61-AB58-454E-B89C-D91BEF295DA5}.Debug|Any CPU.Build.0 = Debug|Any CPU
		{8BD5DA61-AB58-454E-B89C-D91BEF295DA5}.Debug|x64.ActiveCfg = Debug|Any CPU
		{8BD5DA61-AB58-454E-B89C-D91BEF295DA5}.Debug|x64.Build.0 = Debug|Any CPU
		{8BD5DA61-AB58-454E-B89C-D91BEF295DA5}.Debug|x86.ActiveCfg = Debug|Any CPU
		{8BD5DA61-AB58-454E-B89C-D91BEF295DA5}.Debug|x86.Build.0 = Debug|Any CPU
		{8BD5DA61-AB58-454E-B89C-D91BEF295DA5}.Release|Any CPU.ActiveCfg = Release|Any CPU
		{8BD5DA61-AB58-454E-B89C-D91BEF295DA5}.Release|Any CPU.Build.0 = Release|Any CPU
		{8BD5DA61-AB58-454E-B89C-D91BEF295DA5}.Release|x64.ActiveCfg = Release|Any CPU
		{8BD5DA61-AB58-454E-B89C-D91BEF295DA5}.Release|x64.Build.0 = Release|Any CPU
		{8BD5DA61-AB58-454E-B89C-D91BEF295DA5}.Release|x86.ActiveCfg = Release|Any CPU
		{8BD5DA61-AB58-454E-B89C-D91BEF295DA5}.Release|x86.Build.0 = Release|Any CPU
	EndGlobalSection
	GlobalSection(SolutionProperties) = preSolution
		HideSolutionNode = FALSE
	EndGlobalSection
	GlobalSection(ExtensibilityGlobals) = postSolution
		SolutionGuid = {E3DA4138-7814-4FA4-BFE7-EBDAB6BF02CA}
	EndGlobalSection
EndGlobal
